// !$*UTF8*$!
{
	archiveVersion = 1;
	classes = {
	};
	objectVersion = 60;
	objects = {

/* Begin PBXBuildFile section */
		43A339CC2C5D214700907C2F /* ModularizedLibrarySPM in Frameworks */ = {isa = PBXBuildFile; productRef = 43A339CB2C5D214700907C2F /* ModularizedLibrarySPM */; };
		43AA27B32C4988A000A31FD1 /* AppDelegate.swift in Sources */ = {isa = PBXBuildFile; fileRef = 43AA27B22C4988A000A31FD1 /* AppDelegate.swift */; };
		43AA27B52C4988A000A31FD1 /* SceneDelegate.swift in Sources */ = {isa = PBXBuildFile; fileRef = 43AA27B42C4988A000A31FD1 /* SceneDelegate.swift */; };
		43AA27B72C4988A000A31FD1 /* ViewController.swift in Sources */ = {isa = PBXBuildFile; fileRef = 43AA27B62C4988A000A31FD1 /* ViewController.swift */; };
		43AA27BA2C4988A000A31FD1 /* Base in Resources */ = {isa = PBXBuildFile; fileRef = 43AA27B92C4988A000A31FD1 /* Base */; };
		43AA27BC2C4988A100A31FD1 /* Assets.xcassets in Resources */ = {isa = PBXBuildFile; fileRef = 43AA27BB2C4988A100A31FD1 /* Assets.xcassets */; };
		43AA27BF2C4988A100A31FD1 /* Base in Resources */ = {isa = PBXBuildFile; fileRef = 43AA27BE2C4988A100A31FD1 /* Base */; };
/* End PBXBuildFile section */

/* Begin PBXFileReference section */
		43AA27AF2C4988A000A31FD1 /* ModularizediOSDemo.app */ = {isa = PBXFileReference; explicitFileType = wrapper.application; includeInIndex = 0; path = ModularizediOSDemo.app; sourceTree = BUILT_PRODUCTS_DIR; };
		43AA27B22C4988A000A31FD1 /* AppDelegate.swift */ = {isa = PBXFileReference; lastKnownFileType = sourcecode.swift; path = AppDelegate.swift; sourceTree = "<group>"; };
		43AA27B42C4988A000A31FD1 /* SceneDelegate.swift */ = {isa = PBXFileReference; lastKnownFileType = sourcecode.swift; path = SceneDelegate.swift; sourceTree = "<group>"; };
		43AA27B62C4988A000A31FD1 /* ViewController.swift */ = {isa = PBXFileReference; lastKnownFileType = sourcecode.swift; path = ViewController.swift; sourceTree = "<group>"; };
		43AA27B92C4988A000A31FD1 /* Base */ = {isa = PBXFileReference; lastKnownFileType = file.storyboard; name = Base; path = Base.lproj/Main.storyboard; sourceTree = "<group>"; };
		43AA27BB2C4988A100A31FD1 /* Assets.xcassets */ = {isa = PBXFileReference; lastKnownFileType = folder.assetcatalog; path = Assets.xcassets; sourceTree = "<group>"; };
		43AA27BE2C4988A100A31FD1 /* Base */ = {isa = PBXFileReference; lastKnownFileType = file.storyboard; name = Base; path = Base.lproj/LaunchScreen.storyboard; sourceTree = "<group>"; };
		43AA27C02C4988A100A31FD1 /* Info.plist */ = {isa = PBXFileReference; lastKnownFileType = text.plist.xml; path = Info.plist; sourceTree = "<group>"; };
/* End PBXFileReference section */

/* Begin PBXFrameworksBuildPhase section */
		43F094092C5AD34900E02B18 /* Frameworks */ = {
			isa = PBXFrameworksBuildPhase;
			buildActionMask = 2147483647;
			files = (
				43A339CC2C5D214700907C2F /* ModularizedLibrarySPM in Frameworks */,
			);
			runOnlyForDeploymentPostprocessing = 0;
		};
/* End PBXFrameworksBuildPhase section */

/* Begin PBXGroup section */
		43AA27A62C4988A000A31FD1 = {
			isa = PBXGroup;
			children = (
				43AA27B12C4988A000A31FD1 /* ModularizediOSDemo */,
				43AA27B02C4988A000A31FD1 /* Products */,
				DA08BEDE67B07095B7A6D225 /* Frameworks */,
			);
			sourceTree = "<group>";
		};
		43AA27B02C4988A000A31FD1 /* Products */ = {
			isa = PBXGroup;
			children = (
				43AA27AF2C4988A000A31FD1 /* ModularizediOSDemo.app */,
			);
			name = Products;
			sourceTree = "<group>";
		};
		43AA27B12C4988A000A31FD1 /* ModularizediOSDemo */ = {
			isa = PBXGroup;
			children = (
				43AA27B22C4988A000A31FD1 /* AppDelegate.swift */,
				43AA27B42C4988A000A31FD1 /* SceneDelegate.swift */,
				43AA27B62C4988A000A31FD1 /* ViewController.swift */,
				43AA27B82C4988A000A31FD1 /* Main.storyboard */,
				43AA27BB2C4988A100A31FD1 /* Assets.xcassets */,
				43AA27BD2C4988A100A31FD1 /* LaunchScreen.storyboard */,
				43AA27C02C4988A100A31FD1 /* Info.plist */,
			);
			path = ModularizediOSDemo;
			sourceTree = "<group>";
		};
		DA08BEDE67B07095B7A6D225 /* Frameworks */ = {
			isa = PBXGroup;
			children = (
			);
			name = Frameworks;
			sourceTree = "<group>";
		};
/* End PBXGroup section */

/* Begin PBXNativeTarget section */
		43AA27AE2C4988A000A31FD1 /* ModularizediOSDemo */ = {
			isa = PBXNativeTarget;
			buildConfigurationList = 43AA27C32C4988A100A31FD1 /* Build configuration list for PBXNativeTarget "ModularizediOSDemo" */;
			buildPhases = (
				43A339CD2C5D25BA00907C2F /* ShellScript */,
				43F094092C5AD34900E02B18 /* Frameworks */,
				43AA27AB2C4988A000A31FD1 /* Sources */,
				43AA27AD2C4988A000A31FD1 /* Resources */,
			);
			buildRules = (
			);
			dependencies = (
			);
			name = ModularizediOSDemo;
			packageProductDependencies = (
				43F7572B2C5A97FC009400C2 /* ModularizedLibrarySPM */,
				43F7572D2C5A98E9009400C2 /* ModularizedLibrarySPM */,
				4307339B2C5AB46200BB0C99 /* ModularizedLibrarySPM */,
				4307339F2C5AB52D00BB0C99 /* ModularizedLibrarySPM */,
				430733A12C5AB54100BB0C99 /* ModularizedLibrarySPM */,
				430733A32C5AB5AC00BB0C99 /* ModularizedLibrarySPM */,
				430733A52C5AB60D00BB0C99 /* ModularizedLibrarySPM */,
				43F1CB5B2C5D1ED6002D29A2 /* ModularizedLibrarySPM */,
				43A339CB2C5D214700907C2F /* ModularizedLibrarySPM */,
			);
			productName = ModularizediOSDemo;
			productReference = 43AA27AF2C4988A000A31FD1 /* ModularizediOSDemo.app */;
			productType = "com.apple.product-type.application";
		};
/* End PBXNativeTarget section */

/* Begin PBXProject section */
		43AA27A72C4988A000A31FD1 /* Project object */ = {
			isa = PBXProject;
			attributes = {
				BuildIndependentTargetsInParallel = 1;
				LastSwiftUpdateCheck = 1530;
				LastUpgradeCheck = 1530;
				TargetAttributes = {
					43AA27AE2C4988A000A31FD1 = {
						CreatedOnToolsVersion = 15.3;
					};
				};
			};
			buildConfigurationList = 43AA27AA2C4988A000A31FD1 /* Build configuration list for PBXProject "ModularizediOSDemo" */;
			compatibilityVersion = "Xcode 14.0";
			developmentRegion = en;
			hasScannedForEncodings = 0;
			knownRegions = (
				en,
				Base,
			);
			mainGroup = 43AA27A62C4988A000A31FD1;
			packageReferences = (
				43A339CA2C5D214700907C2F /* XCLocalSwiftPackageReference "../kmm/outputs/ios-spm" */,
			);
			productRefGroup = 43AA27B02C4988A000A31FD1 /* Products */;
			projectDirPath = "";
			projectRoot = "";
			targets = (
				43AA27AE2C4988A000A31FD1 /* ModularizediOSDemo */,
			);
		};
/* End PBXProject section */

/* Begin PBXResourcesBuildPhase section */
		43AA27AD2C4988A000A31FD1 /* Resources */ = {
			isa = PBXResourcesBuildPhase;
			buildActionMask = 2147483647;
			files = (
				43AA27BC2C4988A100A31FD1 /* Assets.xcassets in Resources */,
				43AA27BF2C4988A100A31FD1 /* Base in Resources */,
				43AA27BA2C4988A000A31FD1 /* Base in Resources */,
			);
			runOnlyForDeploymentPostprocessing = 0;
		};
/* End PBXResourcesBuildPhase section */

/* Begin PBXShellScriptBuildPhase section */
		43A339CD2C5D25BA00907C2F /* ShellScript */ = {
			isa = PBXShellScriptBuildPhase;
			alwaysOutOfDate = 1;
			buildActionMask = 12;
			files = (
			);
			inputFileListPaths = (
			);
			inputPaths = (
			);
			outputFileListPaths = (
			);
			outputPaths = (
			);
			runOnlyForDeploymentPostprocessing = 0;
			shellPath = /bin/sh;
			shellScript = "#!/bin/bash\n\n# Navigate to the KMM project directory\ncd ../kmm/\n\n# Run the Gradle tasks to assemble and copy the XCFramework\n./gradlew updateSPM\n\n# Check if the Gradle task was successful\nif [ $? -ne 0 ]; then\n  echo \"Gradle task failed\"\n  exit 1\nfi\n\necho \"Gradle task completed successfully\"\n";
		};
/* End PBXShellScriptBuildPhase section */

/* Begin PBXSourcesBuildPhase section */
		43AA27AB2C4988A000A31FD1 /* Sources */ = {
			isa = PBXSourcesBuildPhase;
			buildActionMask = 2147483647;
			files = (
				43AA27B72C4988A000A31FD1 /* ViewController.swift in Sources */,
				43AA27B32C4988A000A31FD1 /* AppDelegate.swift in Sources */,
				43AA27B52C4988A000A31FD1 /* SceneDelegate.swift in Sources */,
			);
			runOnlyForDeploymentPostprocessing = 0;
		};
/* End PBXSourcesBuildPhase section */

/* Begin PBXVariantGroup section */
		43AA27B82C4988A000A31FD1 /* Main.storyboard */ = {
			isa = PBXVariantGroup;
			children = (
				43AA27B92C4988A000A31FD1 /* Base */,
			);
			name = Main.storyboard;
			sourceTree = "<group>";
		};
		43AA27BD2C4988A100A31FD1 /* LaunchScreen.storyboard */ = {
			isa = PBXVariantGroup;
			children = (
				43AA27BE2C4988A100A31FD1 /* Base */,
			);
			name = LaunchScreen.storyboard;
			sourceTree = "<group>";
		};
/* End PBXVariantGroup section */

/* Begin XCBuildConfiguration section */
		43AA27C12C4988A100A31FD1 /* Debug */ = {
			isa = XCBuildConfiguration;
			buildSettings = {
				ALWAYS_SEARCH_USER_PATHS = NO;
				ASSETCATALOG_COMPILER_GENERATE_SWIFT_ASSET_SYMBOL_EXTENSIONS = YES;
				CLANG_ANALYZER_NONNULL = YES;
				CLANG_ANALYZER_NUMBER_OBJECT_CONVERSION = YES_AGGRESSIVE;
				CLANG_CXX_LANGUAGE_STANDARD = "gnu++20";
				CLANG_ENABLE_MODULES = YES;
				CLANG_ENABLE_OBJC_ARC = YES;
				CLANG_ENABLE_OBJC_WEAK = YES;
				CLANG_WARN_BLOCK_CAPTURE_AUTORELEASING = YES;
				CLANG_WARN_BOOL_CONVERSION = YES;
				CLANG_WARN_COMMA = YES;
				CLANG_WARN_CONSTANT_CONVERSION = YES;
				CLANG_WARN_DEPRECATED_OBJC_IMPLEMENTATIONS = YES;
				CLANG_WARN_DIRECT_OBJC_ISA_USAGE = YES_ERROR;
				CLANG_WARN_DOCUMENTATION_COMMENTS = YES;
				CLANG_WARN_EMPTY_BODY = YES;
				CLANG_WARN_ENUM_CONVERSION = YES;
				CLANG_WARN_INFINITE_RECURSION = YES;
				CLANG_WARN_INT_CONVERSION = YES;
				CLANG_WARN_NON_LITERAL_NULL_CONVERSION = YES;
				CLANG_WARN_OBJC_IMPLICIT_RETAIN_SELF = YES;
				CLANG_WARN_OBJC_LITERAL_CONVERSION = YES;
				CLANG_WARN_OBJC_ROOT_CLASS = YES_ERROR;
				CLANG_WARN_QUOTED_INCLUDE_IN_FRAMEWORK_HEADER = YES;
				CLANG_WARN_RANGE_LOOP_ANALYSIS = YES;
				CLANG_WARN_STRICT_PROTOTYPES = YES;
				CLANG_WARN_SUSPICIOUS_MOVE = YES;
				CLANG_WARN_UNGUARDED_AVAILABILITY = YES_AGGRESSIVE;
				CLANG_WARN_UNREACHABLE_CODE = YES;
				CLANG_WARN__DUPLICATE_METHOD_MATCH = YES;
				COPY_PHASE_STRIP = NO;
				DEBUG_INFORMATION_FORMAT = dwarf;
				ENABLE_STRICT_OBJC_MSGSEND = YES;
				ENABLE_TESTABILITY = YES;
				ENABLE_USER_SCRIPT_SANDBOXING = YES;
				GCC_C_LANGUAGE_STANDARD = gnu17;
				GCC_DYNAMIC_NO_PIC = NO;
				GCC_NO_COMMON_BLOCKS = YES;
				GCC_OPTIMIZATION_LEVEL = 0;
				GCC_PREPROCESSOR_DEFINITIONS = (
					"DEBUG=1",
					"$(inherited)",
				);
				GCC_WARN_64_TO_32_BIT_CONVERSION = YES;
				GCC_WARN_ABOUT_RETURN_TYPE = YES_ERROR;
				GCC_WARN_UNDECLARED_SELECTOR = YES;
				GCC_WARN_UNINITIALIZED_AUTOS = YES_AGGRESSIVE;
				GCC_WARN_UNUSED_FUNCTION = YES;
				GCC_WARN_UNUSED_VARIABLE = YES;
				IPHONEOS_DEPLOYMENT_TARGET = 17.4;
				LOCALIZATION_PREFERS_STRING_CATALOGS = YES;
				MTL_ENABLE_DEBUG_INFO = INCLUDE_SOURCE;
				MTL_FAST_MATH = YES;
				ONLY_ACTIVE_ARCH = YES;
				SDKROOT = iphoneos;
				SWIFT_ACTIVE_COMPILATION_CONDITIONS = "DEBUG $(inherited)";
				SWIFT_OPTIMIZATION_LEVEL = "-Onone";
			};
			name = Debug;
		};
		43AA27C22C4988A100A31FD1 /* Release */ = {
			isa = XCBuildConfiguration;
			buildSettings = {
				ALWAYS_SEARCH_USER_PATHS = NO;
				ASSETCATALOG_COMPILER_GENERATE_SWIFT_ASSET_SYMBOL_EXTENSIONS = YES;
				CLANG_ANALYZER_NONNULL = YES;
				CLANG_ANALYZER_NUMBER_OBJECT_CONVERSION = YES_AGGRESSIVE;
				CLANG_CXX_LANGUAGE_STANDARD = "gnu++20";
				CLANG_ENABLE_MODULES = YES;
				CLANG_ENABLE_OBJC_ARC = YES;
				CLANG_ENABLE_OBJC_WEAK = YES;
				CLANG_WARN_BLOCK_CAPTURE_AUTORELEASING = YES;
				CLANG_WARN_BOOL_CONVERSION = YES;
				CLANG_WARN_COMMA = YES;
				CLANG_WARN_CONSTANT_CONVERSION = YES;
				CLANG_WARN_DEPRECATED_OBJC_IMPLEMENTATIONS = YES;
				CLANG_WARN_DIRECT_OBJC_ISA_USAGE = YES_ERROR;
				CLANG_WARN_DOCUMENTATION_COMMENTS = YES;
				CLANG_WARN_EMPTY_BODY = YES;
				CLANG_WARN_ENUM_CONVERSION = YES;
				CLANG_WARN_INFINITE_RECURSION = YES;
				CLANG_WARN_INT_CONVERSION = YES;
				CLANG_WARN_NON_LITERAL_NULL_CONVERSION = YES;
				CLANG_WARN_OBJC_IMPLICIT_RETAIN_SELF = YES;
				CLANG_WARN_OBJC_LITERAL_CONVERSION = YES;
				CLANG_WARN_OBJC_ROOT_CLASS = YES_ERROR;
				CLANG_WARN_QUOTED_INCLUDE_IN_FRAMEWORK_HEADER = YES;
				CLANG_WARN_RANGE_LOOP_ANALYSIS = YES;
				CLANG_WARN_STRICT_PROTOTYPES = YES;
				CLANG_WARN_SUSPICIOUS_MOVE = YES;
				CLANG_WARN_UNGUARDED_AVAILABILITY = YES_AGGRESSIVE;
				CLANG_WARN_UNREACHABLE_CODE = YES;
				CLANG_WARN__DUPLICATE_METHOD_MATCH = YES;
				COPY_PHASE_STRIP = NO;
				DEBUG_INFORMATION_FORMAT = "dwarf-with-dsym";
				ENABLE_NS_ASSERTIONS = NO;
				ENABLE_STRICT_OBJC_MSGSEND = YES;
				ENABLE_USER_SCRIPT_SANDBOXING = YES;
				GCC_C_LANGUAGE_STANDARD = gnu17;
				GCC_NO_COMMON_BLOCKS = YES;
				GCC_WARN_64_TO_32_BIT_CONVERSION = YES;
				GCC_WARN_ABOUT_RETURN_TYPE = YES_ERROR;
				GCC_WARN_UNDECLARED_SELECTOR = YES;
				GCC_WARN_UNINITIALIZED_AUTOS = YES_AGGRESSIVE;
				GCC_WARN_UNUSED_FUNCTION = YES;
				GCC_WARN_UNUSED_VARIABLE = YES;
				IPHONEOS_DEPLOYMENT_TARGET = 17.4;
				LOCALIZATION_PREFERS_STRING_CATALOGS = YES;
				MTL_ENABLE_DEBUG_INFO = NO;
				MTL_FAST_MATH = YES;
				SDKROOT = iphoneos;
				SWIFT_COMPILATION_MODE = wholemodule;
				VALIDATE_PRODUCT = YES;
			};
			name = Release;
		};
		43AA27C42C4988A100A31FD1 /* Debug */ = {
			isa = XCBuildConfiguration;
			buildSettings = {
				ASSETCATALOG_COMPILER_APPICON_NAME = AppIcon;
				ASSETCATALOG_COMPILER_GLOBAL_ACCENT_COLOR_NAME = AccentColor;
				CODE_SIGN_STYLE = Automatic;
				CURRENT_PROJECT_VERSION = 1;
				DEVELOPMENT_TEAM = PM3QLCGUTX;
				GENERATE_INFOPLIST_FILE = YES;
				INFOPLIST_FILE = ModularizediOSDemo/Info.plist;
				INFOPLIST_KEY_UIApplicationSupportsIndirectInputEvents = YES;
				INFOPLIST_KEY_UILaunchStoryboardName = LaunchScreen;
				INFOPLIST_KEY_UIMainStoryboardFile = Main;
				INFOPLIST_KEY_UISupportedInterfaceOrientations_iPad = "UIInterfaceOrientationPortrait UIInterfaceOrientationPortraitUpsideDown UIInterfaceOrientationLandscapeLeft UIInterfaceOrientationLandscapeRight";
				INFOPLIST_KEY_UISupportedInterfaceOrientations_iPhone = "UIInterfaceOrientationPortrait UIInterfaceOrientationLandscapeLeft UIInterfaceOrientationLandscapeRight";
				IPHONEOS_DEPLOYMENT_TARGET = 17.4;
				LD_RUNPATH_SEARCH_PATHS = (
					"$(inherited)",
					"@executable_path/Frameworks",
				);
				MARKETING_VERSION = 1.0;
				PRODUCT_BUNDLE_IDENTIFIER = com.example.ModularizediOSDemo;
				PRODUCT_NAME = "$(TARGET_NAME)";
				SWIFT_EMIT_LOC_STRINGS = YES;
				SWIFT_VERSION = 5.0;
				TARGETED_DEVICE_FAMILY = "1,2";
			};
			name = Debug;
		};
		43AA27C52C4988A100A31FD1 /* Release */ = {
			isa = XCBuildConfiguration;
			buildSettings = {
				ASSETCATALOG_COMPILER_APPICON_NAME = AppIcon;
				ASSETCATALOG_COMPILER_GLOBAL_ACCENT_COLOR_NAME = AccentColor;
				CODE_SIGN_STYLE = Automatic;
				CURRENT_PROJECT_VERSION = 1;
				DEVELOPMENT_TEAM = PM3QLCGUTX;
				GENERATE_INFOPLIST_FILE = YES;
				INFOPLIST_FILE = ModularizediOSDemo/Info.plist;
				INFOPLIST_KEY_UIApplicationSupportsIndirectInputEvents = YES;
				INFOPLIST_KEY_UILaunchStoryboardName = LaunchScreen;
				INFOPLIST_KEY_UIMainStoryboardFile = Main;
				INFOPLIST_KEY_UISupportedInterfaceOrientations_iPad = "UIInterfaceOrientationPortrait UIInterfaceOrientationPortraitUpsideDown UIInterfaceOrientationLandscapeLeft UIInterfaceOrientationLandscapeRight";
				INFOPLIST_KEY_UISupportedInterfaceOrientations_iPhone = "UIInterfaceOrientationPortrait UIInterfaceOrientationLandscapeLeft UIInterfaceOrientationLandscapeRight";
				IPHONEOS_DEPLOYMENT_TARGET = 17.4;
				LD_RUNPATH_SEARCH_PATHS = (
					"$(inherited)",
					"@executable_path/Frameworks",
				);
				MARKETING_VERSION = 1.0;
				PRODUCT_BUNDLE_IDENTIFIER = com.example.ModularizediOSDemo;
				PRODUCT_NAME = "$(TARGET_NAME)";
				SWIFT_EMIT_LOC_STRINGS = YES;
				SWIFT_VERSION = 5.0;
				TARGETED_DEVICE_FAMILY = "1,2";
			};
			name = Release;
		};
/* End XCBuildConfiguration section */

/* Begin XCConfigurationList section */
		43AA27AA2C4988A000A31FD1 /* Build configuration list for PBXProject "ModularizediOSDemo" */ = {
			isa = XCConfigurationList;
			buildConfigurations = (
				43AA27C12C4988A100A31FD1 /* Debug */,
				43AA27C22C4988A100A31FD1 /* Release */,
			);
			defaultConfigurationIsVisible = 0;
			defaultConfigurationName = Release;
		};
		43AA27C32C4988A100A31FD1 /* Build configuration list for PBXNativeTarget "ModularizediOSDemo" */ = {
			isa = XCConfigurationList;
			buildConfigurations = (
				43AA27C42C4988A100A31FD1 /* Debug */,
				43AA27C52C4988A100A31FD1 /* Release */,
			);
			defaultConfigurationIsVisible = 0;
			defaultConfigurationName = Release;
		};
/* End XCConfigurationList section */

/* Begin XCLocalSwiftPackageReference section */
		43A339CA2C5D214700907C2F /* XCLocalSwiftPackageReference "../kmm/outputs/ios-spm" */ = {
			isa = XCLocalSwiftPackageReference;
			relativePath = "../kmm/outputs/ios-spm";
		};
/* End XCLocalSwiftPackageReference section */

/* Begin XCSwiftPackageProductDependency section */
		4307339B2C5AB46200BB0C99 /* ModularizedLibrarySPM */ = {
			isa = XCSwiftPackageProductDependency;
			productName = ModularizedLibrarySPM;
		};
		4307339F2C5AB52D00BB0C99 /* ModularizedLibrarySPM */ = {
			isa = XCSwiftPackageProductDependency;
			productName = ModularizedLibrarySPM;
		};
		430733A12C5AB54100BB0C99 /* ModularizedLibrarySPM */ = {
			isa = XCSwiftPackageProductDependency;
			productName = ModularizedLibrarySPM;
		};
		430733A32C5AB5AC00BB0C99 /* ModularizedLibrarySPM */ = {
			isa = XCSwiftPackageProductDependency;
			productName = ModularizedLibrarySPM;
		};
		430733A52C5AB60D00BB0C99 /* ModularizedLibrarySPM */ = {
			isa = XCSwiftPackageProductDependency;
			productName = ModularizedLibrarySPM;
		};
		43A339CB2C5D214700907C2F /* ModularizedLibrarySPM */ = {
			isa = XCSwiftPackageProductDependency;
			productName = ModularizedLibrarySPM;
		};
		43F1CB5B2C5D1ED6002D29A2 /* ModularizedLibrarySPM */ = {
			isa = XCSwiftPackageProductDependency;
			productName = ModularizedLibrarySPM;
		};
		43F7572B2C5A97FC009400C2 /* ModularizedLibrarySPM */ = {
			isa = XCSwiftPackageProductDependency;
			productName = ModularizedLibrarySPM;
		};
		43F7572D2C5A98E9009400C2 /* ModularizedLibrarySPM */ = {
			isa = XCSwiftPackageProductDependency;
			productName = ModularizedLibrarySPM;
		};
/* End XCSwiftPackageProductDependency section */
	};
	rootObject = 43AA27A72C4988A000A31FD1 /* Project object */;
}
